
Microsoft Visual Studio Solution File, Format Version 12.00
# Visual Studio Version 17
VisualStudioVersion = 17.11.35312.102
MinimumVisualStudioVersion = 10.0.40219.1
Project("{9A19103F-16F7-4668-BE54-9A1E7A4F7556}") = "E_Commerce", "E_Commerce\E_Commerce.csproj", "{AFC26320-7449-4037-95F1-56884CDA1B3C}"
EndProject
Project("{9A19103F-16F7-4668-BE54-9A1E7A4F7556}") = "WebAppRazor", "WebAppRazor\WebAppRazor.csproj", "{419C1F5B-ADC2-41D6-8515-16922088771C}"
EndProject
Project("{9A19103F-16F7-4668-BE54-9A1E7A4F7556}") = "EC.DataAccess", "EC.DataAccess\EC.DataAccess.csproj", "{2839C742-CF28-4697-86C8-1AEA5AEF7668}"
EndProject
Project("{9A19103F-16F7-4668-BE54-9A1E7A4F7556}") = "EC.Models", "EC.Models\EC.Models.csproj", "{3E468C72-09E5-4D98-BDB7-3B06AD249A39}"
EndProject
Project("{9A19103F-16F7-4668-BE54-9A1E7A4F7556}") = "EC.Utility", "EC.Utility\EC.Utility.csproj", "{179288EF-2B3E-4975-999E-102D2047E7A7}"
EndProject
Project("{2150E333-8FDC-42A3-9474-1A3956D46DE8}") = "Solution Items", "Solution Items", "{EE6D1A2F-BA43-484F-9CD8-25175B72C6DE}"
	ProjectSection(SolutionItems) = preProject
		Note.txt = Note.txt
	EndProjectSection
EndProject
Global
	GlobalSection(SolutionConfigurationPlatforms) = preSolution
		Debug|Any CPU = Debug|Any CPU
		Release|Any CPU = Release|Any CPU
	EndGlobalSection
	GlobalSection(ProjectConfigurationPlatforms) = postSolution
		{AFC26320-7449-4037-95F1-56884CDA1B3C}.Debug|Any CPU.ActiveCfg = Debug|Any CPU
		{AFC26320-7449-4037-95F1-56884CDA1B3C}.Debug|Any CPU.Build.0 = Debug|Any CPU
		{AFC26320-7449-4037-95F1-56884CDA1B3C}.Release|Any CPU.ActiveCfg = Release|Any CPU
		{AFC26320-7449-4037-95F1-56884CDA1B3C}.Release|Any CPU.Build.0 = Release|Any CPU
		{419C1F5B-ADC2-41D6-8515-16922088771C}.Debug|Any CPU.ActiveCfg = Debug|Any CPU
		{419C1F5B-ADC2-41D6-8515-16922088771C}.Debug|Any CPU.Build.0 = Debug|Any CPU
		{419C1F5B-ADC2-41D6-8515-16922088771C}.Release|Any CPU.ActiveCfg = Release|Any CPU
		{419C1F5B-ADC2-41D6-8515-16922088771C}.Release|Any CPU.Build.0 = Release|Any CPU
		{2839C742-CF28-4697-86C8-1AEA5AEF7668}.Debug|Any CPU.ActiveCfg = Debug|Any CPU
		{2839C742-CF28-4697-86C8-1AEA5AEF7668}.Debug|Any CPU.Build.0 = Debug|Any CPU
		{2839C742-CF28-4697-86C8-1AEA5AEF7668}.Release|Any CPU.ActiveCfg = Release|Any CPU
		{2839C742-CF28-4697-86C8-1AEA5AEF7668}.Release|Any CPU.Build.0 = Release|Any CPU
		{3E468C72-09E5-4D98-BDB7-3B06AD249A39}.Debug|Any CPU.ActiveCfg = Debug|Any CPU
		{3E468C72-09E5-4D98-BDB7-3B06AD249A39}.Debug|Any CPU.Build.0 = Debug|Any CPU
		{3E468C72-09E5-4D98-BDB7-3B06AD249A39}.Release|Any CPU.ActiveCfg = Release|Any CPU
		{3E468C72-09E5-4D98-BDB7-3B06AD249A39}.Release|Any CPU.Build.0 = Release|Any CPU
		{179288EF-2B3E-4975-999E-102D2047E7A7}.Debug|Any CPU.ActiveCfg = Debug|Any CPU
		{179288EF-2B3E-4975-999E-102D2047E7A7}.Debug|Any CPU.Build.0 = Debug|Any CPU
		{179288EF-2B3E-4975-999E-102D2047E7A7}.Release|Any CPU.ActiveCfg = Release|Any CPU
		{179288EF-2B3E-4975-999E-102D2047E7A7}.Release|Any CPU.Build.0 = Release|Any CPU
	EndGlobalSection
	GlobalSection(SolutionProperties) = preSolution
		HideSolutionNode = FALSE
	EndGlobalSection
	GlobalSection(ExtensibilityGlobals) = postSolution
		SolutionGuid = {CB74EADC-C457-4689-8888-BE041CAD1E0D}
	EndGlobalSection
EndGlobal
